- hosts: microk8s_HA
  gather_facts: no
  become: yes
  tasks:

    - name: Add the 'ubuntu' user to the 'microk8s' group
      user:
        name: ubuntu
        groups: microk8s
        append: yes
      when: ansible_ssh_user == "ubuntu"

    - name: Change owner of ~/.kube to 'ubuntu' user
      file:
        path: "/root/.kube"
        owner: ubuntu
        group: ubuntu
        recurse: yes
      when: ansible_ssh_user == "ubuntu"

    - name: add HA public IP
      lineinfile:
        dest: "/var/snap/microk8s/current/certs/csr.conf.template"
        insertafter: '#MOREIPS'
        line: "IP.10 = {{ ansible_default_ipv4.address }}"
      when: ansible_ssh_user == "ubuntu"

    - name: Reset ssh connection to allow user changes to affect ansible user
      ansible.builtin.meta:
        reset_connection
      when: ansible_ssh_user == "ubuntu"

    - name: Install SB repo
      shell: "microk8s addons repo add shapeblock https://github.com/shapeblock/microk8s-addons"
      run_once: true
      delegate_to: "{{groups['microk8s_HA'][0]}}"
      ignore_errors: true

    - name: Update SB repo
      shell: "microk8s addons repo  update shapeblock"
      run_once: true
      delegate_to: "{{groups['microk8s_HA'][0]}}"

    - name: Enable cluster issuer
      shell: "microk8s enable sb-cluster-issuer --email {{ email }}"
      run_once: true
      delegate_to: "{{groups['microk8s_HA'][0]}}"

    # [BEGIN] Registry
    - name: Generate bcrypt hash of the password
      set_fact:
        hashed_password: "{{ password | password_hash('bcrypt') }}"

    - name: Escape $ characters in the bcrypt hash
      set_fact:
        escaped_hashed_password: "{{ hashed_password | regex_replace('\\$', '\\\\$') }}"

    - name: Install SB registry
      shell: "microk8s enable sb-registry --cluster-name {{ domain }} --password \"{{ escaped_hashed_password }}\"  --tld {{ tld }}"
      run_once: true
      delegate_to: "{{groups['microk8s_HA'][0]}}"

    - name: Install SB registry
      shell: "microk8s enable sb-registry --cluster-name {{ domain }} --password {{ password }} --tld {{ tld }}"
      run_once: true
      delegate_to: "{{groups['microk8s_HA'][0]}}"
    # [END] Registry

    - name: Install SB Helm controller
      shell: "microk8s enable sb-flux"
      run_once: true
      delegate_to: "{{groups['microk8s_HA'][0]}}"

    - name: Install kpack
      shell: "microk8s enable sb-kpack"
      run_once: true
      delegate_to: "{{groups['microk8s_HA'][0]}}"

    - name: Install SB operator
      shell: "microk8s enable sb-operator --sb-url {{ sb_url }} --cluster-uuid {{ cluster_uuid }} --registry registry.{{ domain }}.{{ tld }} --username {{ domain }} --password {{ password }}"
      run_once: true
      delegate_to: "{{groups['microk8s_HA'][0]}}"

